
Microsoft Visual Studio Solution File, Format Version 12.00
# Visual Studio Version 17
VisualStudioVersion = 17.1.32421.90
MinimumVisualStudioVersion = 10.0.40219.1
Project("{FAE04EC0-301F-11D3-BF4B-00C04F79EFBC}") = "InscricaoChll.Api", "InscricaoChll.Api\InscricaoChll.Api.csproj", "{80FCAF5B-DC78-428A-A61F-7AF2F327B0A4}"
EndProject
Project("{FAE04EC0-301F-11D3-BF4B-00C04F79EFBC}") = "InscricaoChll.Tests", "InscricaoChll.Tests\InscricaoChll.Tests.csproj", "{1B8D752D-4BD5-45B1-945A-5D8E2876477A}"
EndProject
Global
	GlobalSection(SolutionConfigurationPlatforms) = preSolution
		Debug|Any CPU = Debug|Any CPU
		Release|Any CPU = Release|Any CPU
	EndGlobalSection
	GlobalSection(ProjectConfigurationPlatforms) = postSolution
		{80FCAF5B-DC78-428A-A61F-7AF2F327B0A4}.Debug|Any CPU.ActiveCfg = Debug|Any CPU
		{80FCAF5B-DC78-428A-A61F-7AF2F327B0A4}.Debug|Any CPU.Build.0 = Debug|Any CPU
		{80FCAF5B-DC78-428A-A61F-7AF2F327B0A4}.Release|Any CPU.ActiveCfg = Release|Any CPU
		{80FCAF5B-DC78-428A-A61F-7AF2F327B0A4}.Release|Any CPU.Build.0 = Release|Any CPU
		{1B8D752D-4BD5-45B1-945A-5D8E2876477A}.Debug|Any CPU.ActiveCfg = Debug|Any CPU
		{1B8D752D-4BD5-45B1-945A-5D8E2876477A}.Debug|Any CPU.Build.0 = Debug|Any CPU
		{1B8D752D-4BD5-45B1-945A-5D8E2876477A}.Release|Any CPU.ActiveCfg = Release|Any CPU
		{1B8D752D-4BD5-45B1-945A-5D8E2876477A}.Release|Any CPU.Build.0 = Release|Any CPU
	EndGlobalSection
	GlobalSection(SolutionProperties) = preSolution
		HideSolutionNode = FALSE
	EndGlobalSection
	GlobalSection(ExtensibilityGlobals) = postSolution
		SolutionGuid = {D6F850F1-BA3D-43B6-969F-687C17AD51A5}
	EndGlobalSection
EndGlobal
